
Microsoft Visual Studio Solution File, Format Version 12.00
# Visual Studio Version 17
VisualStudioVersion = 17.2.32630.192
MinimumVisualStudioVersion = 10.0.40219.1
Project("{8BC9CEB8-8B4A-11D0-8D11-00A0C91BC942}") = "GAME00", "GAME00\GAME00.vcxproj", "{CCA346FD-D7C6-417A-806F-2AD82042132C}"
EndProject
Project("{8BC9CEB8-8B4A-11D0-8D11-00A0C91BC942}") = "MAIN", "MAIN\appOne.vcxproj", "{FF59FFC7-D25D-4A59-A9F1-24D4192567A5}"
EndProject
Project("{8BC9CEB8-8B4A-11D0-8D11-00A0C91BC942}") = "GAME01", "GAME01\GAME01.vcxproj", "{6F5DE60C-7B9A-433A-8A20-3EBBCCF7D3F6}"
EndProject
Project("{8BC9CEB8-8B4A-11D0-8D11-00A0C91BC942}") = "GAME02", "GAME02\GAME02.vcxproj", "{073CC410-CA07-407C-8F3B-1BD591E3D8D8}"
EndProject
Project("{8BC9CEB8-8B4A-11D0-8D11-00A0C91BC942}") = "GAME03", "GAME03\GAME03.vcxproj", "{C8DFC31C-20B9-4AFF-95BA-7352DE55F5B9}"
EndProject
Project("{8BC9CEB8-8B4A-11D0-8D11-00A0C91BC942}") = "GAME04", "GAME04\GAME04.vcxproj", "{2D0B5671-C94D-4691-95D1-50461A0FD1F6}"
EndProject
Project("{8BC9CEB8-8B4A-11D0-8D11-00A0C91BC942}") = "GAME05", "GAME05\GAME05.vcxproj", "{6F8102E7-A9C0-41EB-850C-2D18E4925365}"
EndProject
Project("{8BC9CEB8-8B4A-11D0-8D11-00A0C91BC942}") = "GAME06", "GAME06\GAME06.vcxproj", "{E1B5420B-871F-466C-B5E6-33D48B78601E}"
EndProject
Project("{8BC9CEB8-8B4A-11D0-8D11-00A0C91BC942}") = "GAME07", "GAME07\GAME07.vcxproj", "{D0B5999B-D3F5-4E23-877C-57A86A6214BA}"
EndProject
Project("{8BC9CEB8-8B4A-11D0-8D11-00A0C91BC942}") = "GAME08", "GAME08\GAME08.vcxproj", "{31B4197E-34F2-46FB-A25B-5DEF6BB4A563}"
EndProject
Project("{8BC9CEB8-8B4A-11D0-8D11-00A0C91BC942}") = "GAME09", "GAME09\GAME09.vcxproj", "{2AC7BAF8-A5B9-4236-9266-83953B479AF4}"
EndProject
Project("{8BC9CEB8-8B4A-11D0-8D11-00A0C91BC942}") = "GAME10", "GAME10\GAME10.vcxproj", "{5A694609-B229-440F-957A-D6ADF3C0B5C4}"
EndProject
Project("{8BC9CEB8-8B4A-11D0-8D11-00A0C91BC942}") = "GAME11", "GAME11\GAME11.vcxproj", "{6917FC24-8E00-471A-9ED6-21F42DAC9CF1}"
EndProject
Project("{8BC9CEB8-8B4A-11D0-8D11-00A0C91BC942}") = "GAME12", "GAME12\GAME12.vcxproj", "{94D5231A-1192-43A6-9E66-71079D3FAE33}"
EndProject
Project("{8BC9CEB8-8B4A-11D0-8D11-00A0C91BC942}") = "GAME13", "GAME13\GAME13.vcxproj", "{5286A9D7-DBCC-4BD1-9D17-472BAE572008}"
EndProject
Project("{8BC9CEB8-8B4A-11D0-8D11-00A0C91BC942}") = "GAME14", "GAME14\GAME14.vcxproj", "{61FFB6DF-572E-4289-94CF-5B4936CFAFA3}"
EndProject
Project("{8BC9CEB8-8B4A-11D0-8D11-00A0C91BC942}") = "GAME15", "GAME15\GAME15.vcxproj", "{151BC284-4DCA-48F7-9498-1F1B6556305D}"
EndProject
Project("{8BC9CEB8-8B4A-11D0-8D11-00A0C91BC942}") = "GAME16", "GAME16\GAME16.vcxproj", "{A66EF89B-40E0-4328-826F-98F55AA24F39}"
EndProject
Project("{8BC9CEB8-8B4A-11D0-8D11-00A0C91BC942}") = "GAME17", "GAME17\GAME17.vcxproj", "{29926FAB-D601-4E17-9B78-D98160C9E578}"
EndProject
Project("{8BC9CEB8-8B4A-11D0-8D11-00A0C91BC942}") = "GAME18", "GAME18\GAME18.vcxproj", "{388D6522-283E-4CBA-A4AD-72E12D7206A4}"
EndProject
Project("{8BC9CEB8-8B4A-11D0-8D11-00A0C91BC942}") = "GAME19", "GAME19\GAME19.vcxproj", "{11DF4FAC-43DB-43F7-9BF0-B75F3303AB50}"
EndProject
Project("{8BC9CEB8-8B4A-11D0-8D11-00A0C91BC942}") = "GAME20", "GAME20\GAME20.vcxproj", "{9F9DCDDD-2E6A-47BD-B90D-1D79BDE5B803}"
EndProject
Project("{8BC9CEB8-8B4A-11D0-8D11-00A0C91BC942}") = "GAME21", "GAME21\GAME21.vcxproj", "{499788EE-9108-4C8B-857B-BDA3EF0DF58F}"
EndProject
Project("{8BC9CEB8-8B4A-11D0-8D11-00A0C91BC942}") = "GAME22", "GAME22\GAME22.vcxproj", "{21A6FF20-21F0-43CB-8DB0-0AD13497F9F6}"
EndProject
Project("{8BC9CEB8-8B4A-11D0-8D11-00A0C91BC942}") = "GAME23", "GAME23\GAME23.vcxproj", "{1B339A52-79D3-4111-B10B-C865666A97C2}"
EndProject
Project("{8BC9CEB8-8B4A-11D0-8D11-00A0C91BC942}") = "GAME24", "GAME24\GAME24.vcxproj", "{23C1F73F-9A1D-47BE-963B-579C0B69CFAC}"
EndProject
Project("{8BC9CEB8-8B4A-11D0-8D11-00A0C91BC942}") = "GAME25", "GAME25\GAME25.vcxproj", "{7F180BAC-CEF2-4570-BB9A-54A2121B84AB}"
EndProject
Project("{8BC9CEB8-8B4A-11D0-8D11-00A0C91BC942}") = "GAME26", "GAME26\GAME26.vcxproj", "{04FAA32B-452D-4CB3-B80B-9C6B889EB9C0}"
EndProject
Project("{8BC9CEB8-8B4A-11D0-8D11-00A0C91BC942}") = "GAME27", "GAME27\GAME27.vcxproj", "{BE6E779E-D4FA-474B-92CD-C0008485EACB}"
EndProject
Project("{8BC9CEB8-8B4A-11D0-8D11-00A0C91BC942}") = "GAME28", "GAME28\GAME28.vcxproj", "{CCEFFF2C-26E3-4393-85F0-AEDB4BC70F8A}"
EndProject
Project("{8BC9CEB8-8B4A-11D0-8D11-00A0C91BC942}") = "GAME29", "GAME29\GAME29.vcxproj", "{8D9848AA-46A7-4775-A4E9-D3BAEB2FA71A}"
EndProject
Project("{8BC9CEB8-8B4A-11D0-8D11-00A0C91BC942}") = "MENU", "MENU\MENU.vcxproj", "{6C556FCD-06B5-4289-BBAD-D8B0AF8393C1}"
EndProject
Global
	GlobalSection(SolutionConfigurationPlatforms) = preSolution
		Debug|x64 = Debug|x64
		Debug|x86 = Debug|x86
		Release|x64 = Release|x64
		Release|x86 = Release|x86
	EndGlobalSection
	GlobalSection(ProjectConfigurationPlatforms) = postSolution
		{CCA346FD-D7C6-417A-806F-2AD82042132C}.Debug|x64.ActiveCfg = Debug|x64
		{CCA346FD-D7C6-417A-806F-2AD82042132C}.Debug|x64.Build.0 = Debug|x64
		{CCA346FD-D7C6-417A-806F-2AD82042132C}.Debug|x86.ActiveCfg = Debug|Win32
		{CCA346FD-D7C6-417A-806F-2AD82042132C}.Debug|x86.Build.0 = Debug|Win32
		{CCA346FD-D7C6-417A-806F-2AD82042132C}.Release|x64.ActiveCfg = Release|x64
		{CCA346FD-D7C6-417A-806F-2AD82042132C}.Release|x64.Build.0 = Release|x64
		{CCA346FD-D7C6-417A-806F-2AD82042132C}.Release|x86.ActiveCfg = Release|Win32
		{CCA346FD-D7C6-417A-806F-2AD82042132C}.Release|x86.Build.0 = Release|Win32
		{FF59FFC7-D25D-4A59-A9F1-24D4192567A5}.Debug|x64.ActiveCfg = Debug|x64
		{FF59FFC7-D25D-4A59-A9F1-24D4192567A5}.Debug|x64.Build.0 = Debug|x64
		{FF59FFC7-D25D-4A59-A9F1-24D4192567A5}.Debug|x86.ActiveCfg = Debug|Win32
		{FF59FFC7-D25D-4A59-A9F1-24D4192567A5}.Debug|x86.Build.0 = Debug|Win32
		{FF59FFC7-D25D-4A59-A9F1-24D4192567A5}.Release|x64.ActiveCfg = Release|x64
		{FF59FFC7-D25D-4A59-A9F1-24D4192567A5}.Release|x64.Build.0 = Release|x64
		{FF59FFC7-D25D-4A59-A9F1-24D4192567A5}.Release|x86.ActiveCfg = Release|Win32
		{FF59FFC7-D25D-4A59-A9F1-24D4192567A5}.Release|x86.Build.0 = Release|Win32
		{6F5DE60C-7B9A-433A-8A20-3EBBCCF7D3F6}.Debug|x64.ActiveCfg = Debug|x64
		{6F5DE60C-7B9A-433A-8A20-3EBBCCF7D3F6}.Debug|x64.Build.0 = Debug|x64
		{6F5DE60C-7B9A-433A-8A20-3EBBCCF7D3F6}.Debug|x86.ActiveCfg = Debug|Win32
		{6F5DE60C-7B9A-433A-8A20-3EBBCCF7D3F6}.Debug|x86.Build.0 = Debug|Win32
		{6F5DE60C-7B9A-433A-8A20-3EBBCCF7D3F6}.Release|x64.ActiveCfg = Release|x64
		{6F5DE60C-7B9A-433A-8A20-3EBBCCF7D3F6}.Release|x64.Build.0 = Release|x64
		{6F5DE60C-7B9A-433A-8A20-3EBBCCF7D3F6}.Release|x86.ActiveCfg = Release|Win32
		{6F5DE60C-7B9A-433A-8A20-3EBBCCF7D3F6}.Release|x86.Build.0 = Release|Win32
		{073CC410-CA07-407C-8F3B-1BD591E3D8D8}.Debug|x64.ActiveCfg = Debug|x64
		{073CC410-CA07-407C-8F3B-1BD591E3D8D8}.Debug|x64.Build.0 = Debug|x64
		{073CC410-CA07-407C-8F3B-1BD591E3D8D8}.Debug|x86.ActiveCfg = Debug|Win32
		{073CC410-CA07-407C-8F3B-1BD591E3D8D8}.Debug|x86.Build.0 = Debug|Win32
		{073CC410-CA07-407C-8F3B-1BD591E3D8D8}.Release|x64.ActiveCfg = Release|x64
		{073CC410-CA07-407C-8F3B-1BD591E3D8D8}.Release|x64.Build.0 = Release|x64
		{073CC410-CA07-407C-8F3B-1BD591E3D8D8}.Release|x86.ActiveCfg = Release|Win32
		{073CC410-CA07-407C-8F3B-1BD591E3D8D8}.Release|x86.Build.0 = Release|Win32
		{C8DFC31C-20B9-4AFF-95BA-7352DE55F5B9}.Debug|x64.ActiveCfg = Debug|x64
		{C8DFC31C-20B9-4AFF-95BA-7352DE55F5B9}.Debug|x64.Build.0 = Debug|x64
		{C8DFC31C-20B9-4AFF-95BA-7352DE55F5B9}.Debug|x86.ActiveCfg = Debug|Win32
		{C8DFC31C-20B9-4AFF-95BA-7352DE55F5B9}.Debug|x86.Build.0 = Debug|Win32
		{C8DFC31C-20B9-4AFF-95BA-7352DE55F5B9}.Release|x64.ActiveCfg = Release|x64
		{C8DFC31C-20B9-4AFF-95BA-7352DE55F5B9}.Release|x64.Build.0 = Release|x64
		{C8DFC31C-20B9-4AFF-95BA-7352DE55F5B9}.Release|x86.ActiveCfg = Release|Win32
		{C8DFC31C-20B9-4AFF-95BA-7352DE55F5B9}.Release|x86.Build.0 = Release|Win32
		{2D0B5671-C94D-4691-95D1-50461A0FD1F6}.Debug|x64.ActiveCfg = Debug|x64
		{2D0B5671-C94D-4691-95D1-50461A0FD1F6}.Debug|x64.Build.0 = Debug|x64
		{2D0B5671-C94D-4691-95D1-50461A0FD1F6}.Debug|x86.ActiveCfg = Debug|Win32
		{2D0B5671-C94D-4691-95D1-50461A0FD1F6}.Debug|x86.Build.0 = Debug|Win32
		{2D0B5671-C94D-4691-95D1-50461A0FD1F6}.Release|x64.ActiveCfg = Release|x64
		{2D0B5671-C94D-4691-95D1-50461A0FD1F6}.Release|x64.Build.0 = Release|x64
		{2D0B5671-C94D-4691-95D1-50461A0FD1F6}.Release|x86.ActiveCfg = Release|Win32
		{2D0B5671-C94D-4691-95D1-50461A0FD1F6}.Release|x86.Build.0 = Release|Win32
		{6F8102E7-A9C0-41EB-850C-2D18E4925365}.Debug|x64.ActiveCfg = Debug|x64
		{6F8102E7-A9C0-41EB-850C-2D18E4925365}.Debug|x64.Build.0 = Debug|x64
		{6F8102E7-A9C0-41EB-850C-2D18E4925365}.Debug|x86.ActiveCfg = Debug|Win32
		{6F8102E7-A9C0-41EB-850C-2D18E4925365}.Debug|x86.Build.0 = Debug|Win32
		{6F8102E7-A9C0-41EB-850C-2D18E4925365}.Release|x64.ActiveCfg = Release|x64
		{6F8102E7-A9C0-41EB-850C-2D18E4925365}.Release|x64.Build.0 = Release|x64
		{6F8102E7-A9C0-41EB-850C-2D18E4925365}.Release|x86.ActiveCfg = Release|Win32
		{6F8102E7-A9C0-41EB-850C-2D18E4925365}.Release|x86.Build.0 = Release|Win32
		{E1B5420B-871F-466C-B5E6-33D48B78601E}.Debug|x64.ActiveCfg = Debug|x64
		{E1B5420B-871F-466C-B5E6-33D48B78601E}.Debug|x64.Build.0 = Debug|x64
		{E1B5420B-871F-466C-B5E6-33D48B78601E}.Debug|x86.ActiveCfg = Debug|Win32
		{E1B5420B-871F-466C-B5E6-33D48B78601E}.Debug|x86.Build.0 = Debug|Win32
		{E1B5420B-871F-466C-B5E6-33D48B78601E}.Release|x64.ActiveCfg = Release|x64
		{E1B5420B-871F-466C-B5E6-33D48B78601E}.Release|x64.Build.0 = Release|x64
		{E1B5420B-871F-466C-B5E6-33D48B78601E}.Release|x86.ActiveCfg = Release|Win32
		{E1B5420B-871F-466C-B5E6-33D48B78601E}.Release|x86.Build.0 = Release|Win32
		{D0B5999B-D3F5-4E23-877C-57A86A6214BA}.Debug|x64.ActiveCfg = Debug|x64
		{D0B5999B-D3F5-4E23-877C-57A86A6214BA}.Debug|x64.Build.0 = Debug|x64
		{D0B5999B-D3F5-4E23-877C-57A86A6214BA}.Debug|x86.ActiveCfg = Debug|Win32
		{D0B5999B-D3F5-4E23-877C-57A86A6214BA}.Debug|x86.Build.0 = Debug|Win32
		{D0B5999B-D3F5-4E23-877C-57A86A6214BA}.Release|x64.ActiveCfg = Release|x64
		{D0B5999B-D3F5-4E23-877C-57A86A6214BA}.Release|x64.Build.0 = Release|x64
		{D0B5999B-D3F5-4E23-877C-57A86A6214BA}.Release|x86.ActiveCfg = Release|Win32
		{D0B5999B-D3F5-4E23-877C-57A86A6214BA}.Release|x86.Build.0 = Release|Win32
		{31B4197E-34F2-46FB-A25B-5DEF6BB4A563}.Debug|x64.ActiveCfg = Debug|x64
		{31B4197E-34F2-46FB-A25B-5DEF6BB4A563}.Debug|x64.Build.0 = Debug|x64
		{31B4197E-34F2-46FB-A25B-5DEF6BB4A563}.Debug|x86.ActiveCfg = Debug|Win32
		{31B4197E-34F2-46FB-A25B-5DEF6BB4A563}.Debug|x86.Build.0 = Debug|Win32
		{31B4197E-34F2-46FB-A25B-5DEF6BB4A563}.Release|x64.ActiveCfg = Release|x64
		{31B4197E-34F2-46FB-A25B-5DEF6BB4A563}.Release|x64.Build.0 = Release|x64
		{31B4197E-34F2-46FB-A25B-5DEF6BB4A563}.Release|x86.ActiveCfg = Release|Win32
		{31B4197E-34F2-46FB-A25B-5DEF6BB4A563}.Release|x86.Build.0 = Release|Win32
		{2AC7BAF8-A5B9-4236-9266-83953B479AF4}.Debug|x64.ActiveCfg = Debug|x64
		{2AC7BAF8-A5B9-4236-9266-83953B479AF4}.Debug|x64.Build.0 = Debug|x64
		{2AC7BAF8-A5B9-4236-9266-83953B479AF4}.Debug|x86.ActiveCfg = Debug|Win32
		{2AC7BAF8-A5B9-4236-9266-83953B479AF4}.Debug|x86.Build.0 = Debug|Win32
		{2AC7BAF8-A5B9-4236-9266-83953B479AF4}.Release|x64.ActiveCfg = Release|x64
		{2AC7BAF8-A5B9-4236-9266-83953B479AF4}.Release|x64.Build.0 = Release|x64
		{2AC7BAF8-A5B9-4236-9266-83953B479AF4}.Release|x86.ActiveCfg = Release|Win32
		{2AC7BAF8-A5B9-4236-9266-83953B479AF4}.Release|x86.Build.0 = Release|Win32
		{5A694609-B229-440F-957A-D6ADF3C0B5C4}.Debug|x64.ActiveCfg = Debug|x64
		{5A694609-B229-440F-957A-D6ADF3C0B5C4}.Debug|x64.Build.0 = Debug|x64
		{5A694609-B229-440F-957A-D6ADF3C0B5C4}.Debug|x86.ActiveCfg = Debug|Win32
		{5A694609-B229-440F-957A-D6ADF3C0B5C4}.Debug|x86.Build.0 = Debug|Win32
		{5A694609-B229-440F-957A-D6ADF3C0B5C4}.Release|x64.ActiveCfg = Release|x64
		{5A694609-B229-440F-957A-D6ADF3C0B5C4}.Release|x64.Build.0 = Release|x64
		{5A694609-B229-440F-957A-D6ADF3C0B5C4}.Release|x86.ActiveCfg = Release|Win32
		{5A694609-B229-440F-957A-D6ADF3C0B5C4}.Release|x86.Build.0 = Release|Win32
		{6917FC24-8E00-471A-9ED6-21F42DAC9CF1}.Debug|x64.ActiveCfg = Debug|x64
		{6917FC24-8E00-471A-9ED6-21F42DAC9CF1}.Debug|x64.Build.0 = Debug|x64
		{6917FC24-8E00-471A-9ED6-21F42DAC9CF1}.Debug|x86.ActiveCfg = Debug|Win32
		{6917FC24-8E00-471A-9ED6-21F42DAC9CF1}.Debug|x86.Build.0 = Debug|Win32
		{6917FC24-8E00-471A-9ED6-21F42DAC9CF1}.Release|x64.ActiveCfg = Release|x64
		{6917FC24-8E00-471A-9ED6-21F42DAC9CF1}.Release|x64.Build.0 = Release|x64
		{6917FC24-8E00-471A-9ED6-21F42DAC9CF1}.Release|x86.ActiveCfg = Release|Win32
		{6917FC24-8E00-471A-9ED6-21F42DAC9CF1}.Release|x86.Build.0 = Release|Win32
		{94D5231A-1192-43A6-9E66-71079D3FAE33}.Debug|x64.ActiveCfg = Debug|x64
		{94D5231A-1192-43A6-9E66-71079D3FAE33}.Debug|x64.Build.0 = Debug|x64
		{94D5231A-1192-43A6-9E66-71079D3FAE33}.Debug|x86.ActiveCfg = Debug|Win32
		{94D5231A-1192-43A6-9E66-71079D3FAE33}.Debug|x86.Build.0 = Debug|Win32
		{94D5231A-1192-43A6-9E66-71079D3FAE33}.Release|x64.ActiveCfg = Release|x64
		{94D5231A-1192-43A6-9E66-71079D3FAE33}.Release|x64.Build.0 = Release|x64
		{94D5231A-1192-43A6-9E66-71079D3FAE33}.Release|x86.ActiveCfg = Release|Win32
		{94D5231A-1192-43A6-9E66-71079D3FAE33}.Release|x86.Build.0 = Release|Win32
		{5286A9D7-DBCC-4BD1-9D17-472BAE572008}.Debug|x64.ActiveCfg = Debug|x64
		{5286A9D7-DBCC-4BD1-9D17-472BAE572008}.Debug|x64.Build.0 = Debug|x64
		{5286A9D7-DBCC-4BD1-9D17-472BAE572008}.Debug|x86.ActiveCfg = Debug|Win32
		{5286A9D7-DBCC-4BD1-9D17-472BAE572008}.Debug|x86.Build.0 = Debug|Win32
		{5286A9D7-DBCC-4BD1-9D17-472BAE572008}.Release|x64.ActiveCfg = Release|x64
		{5286A9D7-DBCC-4BD1-9D17-472BAE572008}.Release|x64.Build.0 = Release|x64
		{5286A9D7-DBCC-4BD1-9D17-472BAE572008}.Release|x86.ActiveCfg = Release|Win32
		{5286A9D7-DBCC-4BD1-9D17-472BAE572008}.Release|x86.Build.0 = Release|Win32
		{61FFB6DF-572E-4289-94CF-5B4936CFAFA3}.Debug|x64.ActiveCfg = Debug|x64
		{61FFB6DF-572E-4289-94CF-5B4936CFAFA3}.Debug|x64.Build.0 = Debug|x64
		{61FFB6DF-572E-4289-94CF-5B4936CFAFA3}.Debug|x86.ActiveCfg = Debug|Win32
		{61FFB6DF-572E-4289-94CF-5B4936CFAFA3}.Debug|x86.Build.0 = Debug|Win32
		{61FFB6DF-572E-4289-94CF-5B4936CFAFA3}.Release|x64.ActiveCfg = Release|x64
		{61FFB6DF-572E-4289-94CF-5B4936CFAFA3}.Release|x64.Build.0 = Release|x64
		{61FFB6DF-572E-4289-94CF-5B4936CFAFA3}.Release|x86.ActiveCfg = Release|Win32
		{61FFB6DF-572E-4289-94CF-5B4936CFAFA3}.Release|x86.Build.0 = Release|Win32
		{151BC284-4DCA-48F7-9498-1F1B6556305D}.Debug|x64.ActiveCfg = Debug|x64
		{151BC284-4DCA-48F7-9498-1F1B6556305D}.Debug|x64.Build.0 = Debug|x64
		{151BC284-4DCA-48F7-9498-1F1B6556305D}.Debug|x86.ActiveCfg = Debug|Win32
		{151BC284-4DCA-48F7-9498-1F1B6556305D}.Debug|x86.Build.0 = Debug|Win32
		{151BC284-4DCA-48F7-9498-1F1B6556305D}.Release|x64.ActiveCfg = Release|x64
		{151BC284-4DCA-48F7-9498-1F1B6556305D}.Release|x64.Build.0 = Release|x64
		{151BC284-4DCA-48F7-9498-1F1B6556305D}.Release|x86.ActiveCfg = Release|Win32
		{151BC284-4DCA-48F7-9498-1F1B6556305D}.Release|x86.Build.0 = Release|Win32
		{A66EF89B-40E0-4328-826F-98F55AA24F39}.Debug|x64.ActiveCfg = Debug|x64
		{A66EF89B-40E0-4328-826F-98F55AA24F39}.Debug|x64.Build.0 = Debug|x64
		{A66EF89B-40E0-4328-826F-98F55AA24F39}.Debug|x86.ActiveCfg = Debug|Win32
		{A66EF89B-40E0-4328-826F-98F55AA24F39}.Debug|x86.Build.0 = Debug|Win32
		{A66EF89B-40E0-4328-826F-98F55AA24F39}.Release|x64.ActiveCfg = Release|x64
		{A66EF89B-40E0-4328-826F-98F55AA24F39}.Release|x64.Build.0 = Release|x64
		{A66EF89B-40E0-4328-826F-98F55AA24F39}.Release|x86.ActiveCfg = Release|Win32
		{A66EF89B-40E0-4328-826F-98F55AA24F39}.Release|x86.Build.0 = Release|Win32
		{29926FAB-D601-4E17-9B78-D98160C9E578}.Debug|x64.ActiveCfg = Debug|x64
		{29926FAB-D601-4E17-9B78-D98160C9E578}.Debug|x64.Build.0 = Debug|x64
		{29926FAB-D601-4E17-9B78-D98160C9E578}.Debug|x86.ActiveCfg = Debug|Win32
		{29926FAB-D601-4E17-9B78-D98160C9E578}.Debug|x86.Build.0 = Debug|Win32
		{29926FAB-D601-4E17-9B78-D98160C9E578}.Release|x64.ActiveCfg = Release|x64
		{29926FAB-D601-4E17-9B78-D98160C9E578}.Release|x64.Build.0 = Release|x64
		{29926FAB-D601-4E17-9B78-D98160C9E578}.Release|x86.ActiveCfg = Release|Win32
		{29926FAB-D601-4E17-9B78-D98160C9E578}.Release|x86.Build.0 = Release|Win32
		{388D6522-283E-4CBA-A4AD-72E12D7206A4}.Debug|x64.ActiveCfg = Debug|x64
		{388D6522-283E-4CBA-A4AD-72E12D7206A4}.Debug|x64.Build.0 = Debug|x64
		{388D6522-283E-4CBA-A4AD-72E12D7206A4}.Debug|x86.ActiveCfg = Debug|Win32
		{388D6522-283E-4CBA-A4AD-72E12D7206A4}.Debug|x86.Build.0 = Debug|Win32
		{388D6522-283E-4CBA-A4AD-72E12D7206A4}.Release|x64.ActiveCfg = Release|x64
		{388D6522-283E-4CBA-A4AD-72E12D7206A4}.Release|x64.Build.0 = Release|x64
		{388D6522-283E-4CBA-A4AD-72E12D7206A4}.Release|x86.ActiveCfg = Release|Win32
		{388D6522-283E-4CBA-A4AD-72E12D7206A4}.Release|x86.Build.0 = Release|Win32
		{11DF4FAC-43DB-43F7-9BF0-B75F3303AB50}.Debug|x64.ActiveCfg = Debug|x64
		{11DF4FAC-43DB-43F7-9BF0-B75F3303AB50}.Debug|x64.Build.0 = Debug|x64
		{11DF4FAC-43DB-43F7-9BF0-B75F3303AB50}.Debug|x86.ActiveCfg = Debug|Win32
		{11DF4FAC-43DB-43F7-9BF0-B75F3303AB50}.Debug|x86.Build.0 = Debug|Win32
		{11DF4FAC-43DB-43F7-9BF0-B75F3303AB50}.Release|x64.ActiveCfg = Release|x64
		{11DF4FAC-43DB-43F7-9BF0-B75F3303AB50}.Release|x64.Build.0 = Release|x64
		{11DF4FAC-43DB-43F7-9BF0-B75F3303AB50}.Release|x86.ActiveCfg = Release|Win32
		{11DF4FAC-43DB-43F7-9BF0-B75F3303AB50}.Release|x86.Build.0 = Release|Win32
		{9F9DCDDD-2E6A-47BD-B90D-1D79BDE5B803}.Debug|x64.ActiveCfg = Debug|x64
		{9F9DCDDD-2E6A-47BD-B90D-1D79BDE5B803}.Debug|x64.Build.0 = Debug|x64
		{9F9DCDDD-2E6A-47BD-B90D-1D79BDE5B803}.Debug|x86.ActiveCfg = Debug|Win32
		{9F9DCDDD-2E6A-47BD-B90D-1D79BDE5B803}.Debug|x86.Build.0 = Debug|Win32
		{9F9DCDDD-2E6A-47BD-B90D-1D79BDE5B803}.Release|x64.ActiveCfg = Release|x64
		{9F9DCDDD-2E6A-47BD-B90D-1D79BDE5B803}.Release|x64.Build.0 = Release|x64
		{9F9DCDDD-2E6A-47BD-B90D-1D79BDE5B803}.Release|x86.ActiveCfg = Release|Win32
		{9F9DCDDD-2E6A-47BD-B90D-1D79BDE5B803}.Release|x86.Build.0 = Release|Win32
		{499788EE-9108-4C8B-857B-BDA3EF0DF58F}.Debug|x64.ActiveCfg = Debug|x64
		{499788EE-9108-4C8B-857B-BDA3EF0DF58F}.Debug|x64.Build.0 = Debug|x64
		{499788EE-9108-4C8B-857B-BDA3EF0DF58F}.Debug|x86.ActiveCfg = Debug|Win32
		{499788EE-9108-4C8B-857B-BDA3EF0DF58F}.Debug|x86.Build.0 = Debug|Win32
		{499788EE-9108-4C8B-857B-BDA3EF0DF58F}.Release|x64.ActiveCfg = Release|x64
		{499788EE-9108-4C8B-857B-BDA3EF0DF58F}.Release|x64.Build.0 = Release|x64
		{499788EE-9108-4C8B-857B-BDA3EF0DF58F}.Release|x86.ActiveCfg = Release|Win32
		{499788EE-9108-4C8B-857B-BDA3EF0DF58F}.Release|x86.Build.0 = Release|Win32
		{21A6FF20-21F0-43CB-8DB0-0AD13497F9F6}.Debug|x64.ActiveCfg = Debug|x64
		{21A6FF20-21F0-43CB-8DB0-0AD13497F9F6}.Debug|x64.Build.0 = Debug|x64
		{21A6FF20-21F0-43CB-8DB0-0AD13497F9F6}.Debug|x86.ActiveCfg = Debug|Win32
		{21A6FF20-21F0-43CB-8DB0-0AD13497F9F6}.Debug|x86.Build.0 = Debug|Win32
		{21A6FF20-21F0-43CB-8DB0-0AD13497F9F6}.Release|x64.ActiveCfg = Release|x64
		{21A6FF20-21F0-43CB-8DB0-0AD13497F9F6}.Release|x64.Build.0 = Release|x64
		{21A6FF20-21F0-43CB-8DB0-0AD13497F9F6}.Release|x86.ActiveCfg = Release|Win32
		{21A6FF20-21F0-43CB-8DB0-0AD13497F9F6}.Release|x86.Build.0 = Release|Win32
		{1B339A52-79D3-4111-B10B-C865666A97C2}.Debug|x64.ActiveCfg = Debug|x64
		{1B339A52-79D3-4111-B10B-C865666A97C2}.Debug|x64.Build.0 = Debug|x64
		{1B339A52-79D3-4111-B10B-C865666A97C2}.Debug|x86.ActiveCfg = Debug|Win32
		{1B339A52-79D3-4111-B10B-C865666A97C2}.Debug|x86.Build.0 = Debug|Win32
		{1B339A52-79D3-4111-B10B-C865666A97C2}.Release|x64.ActiveCfg = Release|x64
		{1B339A52-79D3-4111-B10B-C865666A97C2}.Release|x64.Build.0 = Release|x64
		{1B339A52-79D3-4111-B10B-C865666A97C2}.Release|x86.ActiveCfg = Release|Win32
		{1B339A52-79D3-4111-B10B-C865666A97C2}.Release|x86.Build.0 = Release|Win32
		{23C1F73F-9A1D-47BE-963B-579C0B69CFAC}.Debug|x64.ActiveCfg = Debug|x64
		{23C1F73F-9A1D-47BE-963B-579C0B69CFAC}.Debug|x64.Build.0 = Debug|x64
		{23C1F73F-9A1D-47BE-963B-579C0B69CFAC}.Debug|x86.ActiveCfg = Debug|Win32
		{23C1F73F-9A1D-47BE-963B-579C0B69CFAC}.Debug|x86.Build.0 = Debug|Win32
		{23C1F73F-9A1D-47BE-963B-579C0B69CFAC}.Release|x64.ActiveCfg = Release|x64
		{23C1F73F-9A1D-47BE-963B-579C0B69CFAC}.Release|x64.Build.0 = Release|x64
		{23C1F73F-9A1D-47BE-963B-579C0B69CFAC}.Release|x86.ActiveCfg = Release|Win32
		{23C1F73F-9A1D-47BE-963B-579C0B69CFAC}.Release|x86.Build.0 = Release|Win32
		{7F180BAC-CEF2-4570-BB9A-54A2121B84AB}.Debug|x64.ActiveCfg = Debug|x64
		{7F180BAC-CEF2-4570-BB9A-54A2121B84AB}.Debug|x64.Build.0 = Debug|x64
		{7F180BAC-CEF2-4570-BB9A-54A2121B84AB}.Debug|x86.ActiveCfg = Debug|Win32
		{7F180BAC-CEF2-4570-BB9A-54A2121B84AB}.Debug|x86.Build.0 = Debug|Win32
		{7F180BAC-CEF2-4570-BB9A-54A2121B84AB}.Release|x64.ActiveCfg = Release|x64
		{7F180BAC-CEF2-4570-BB9A-54A2121B84AB}.Release|x64.Build.0 = Release|x64
		{7F180BAC-CEF2-4570-BB9A-54A2121B84AB}.Release|x86.ActiveCfg = Release|Win32
		{7F180BAC-CEF2-4570-BB9A-54A2121B84AB}.Release|x86.Build.0 = Release|Win32
		{04FAA32B-452D-4CB3-B80B-9C6B889EB9C0}.Debug|x64.ActiveCfg = Debug|x64
		{04FAA32B-452D-4CB3-B80B-9C6B889EB9C0}.Debug|x64.Build.0 = Debug|x64
		{04FAA32B-452D-4CB3-B80B-9C6B889EB9C0}.Debug|x86.ActiveCfg = Debug|Win32
		{04FAA32B-452D-4CB3-B80B-9C6B889EB9C0}.Debug|x86.Build.0 = Debug|Win32
		{04FAA32B-452D-4CB3-B80B-9C6B889EB9C0}.Release|x64.ActiveCfg = Release|x64
		{04FAA32B-452D-4CB3-B80B-9C6B889EB9C0}.Release|x64.Build.0 = Release|x64
		{04FAA32B-452D-4CB3-B80B-9C6B889EB9C0}.Release|x86.ActiveCfg = Release|Win32
		{04FAA32B-452D-4CB3-B80B-9C6B889EB9C0}.Release|x86.Build.0 = Release|Win32
		{BE6E779E-D4FA-474B-92CD-C0008485EACB}.Debug|x64.ActiveCfg = Debug|x64
		{BE6E779E-D4FA-474B-92CD-C0008485EACB}.Debug|x64.Build.0 = Debug|x64
		{BE6E779E-D4FA-474B-92CD-C0008485EACB}.Debug|x86.ActiveCfg = Debug|Win32
		{BE6E779E-D4FA-474B-92CD-C0008485EACB}.Debug|x86.Build.0 = Debug|Win32
		{BE6E779E-D4FA-474B-92CD-C0008485EACB}.Release|x64.ActiveCfg = Release|x64
		{BE6E779E-D4FA-474B-92CD-C0008485EACB}.Release|x64.Build.0 = Release|x64
		{BE6E779E-D4FA-474B-92CD-C0008485EACB}.Release|x86.ActiveCfg = Release|Win32
		{BE6E779E-D4FA-474B-92CD-C0008485EACB}.Release|x86.Build.0 = Release|Win32
		{CCEFFF2C-26E3-4393-85F0-AEDB4BC70F8A}.Debug|x64.ActiveCfg = Debug|x64
		{CCEFFF2C-26E3-4393-85F0-AEDB4BC70F8A}.Debug|x64.Build.0 = Debug|x64
		{CCEFFF2C-26E3-4393-85F0-AEDB4BC70F8A}.Debug|x86.ActiveCfg = Debug|Win32
		{CCEFFF2C-26E3-4393-85F0-AEDB4BC70F8A}.Debug|x86.Build.0 = Debug|Win32
		{CCEFFF2C-26E3-4393-85F0-AEDB4BC70F8A}.Release|x64.ActiveCfg = Release|x64
		{CCEFFF2C-26E3-4393-85F0-AEDB4BC70F8A}.Release|x64.Build.0 = Release|x64
		{CCEFFF2C-26E3-4393-85F0-AEDB4BC70F8A}.Release|x86.ActiveCfg = Release|Win32
		{CCEFFF2C-26E3-4393-85F0-AEDB4BC70F8A}.Release|x86.Build.0 = Release|Win32
		{8D9848AA-46A7-4775-A4E9-D3BAEB2FA71A}.Debug|x64.ActiveCfg = Debug|x64
		{8D9848AA-46A7-4775-A4E9-D3BAEB2FA71A}.Debug|x64.Build.0 = Debug|x64
		{8D9848AA-46A7-4775-A4E9-D3BAEB2FA71A}.Debug|x86.ActiveCfg = Debug|Win32
		{8D9848AA-46A7-4775-A4E9-D3BAEB2FA71A}.Debug|x86.Build.0 = Debug|Win32
		{8D9848AA-46A7-4775-A4E9-D3BAEB2FA71A}.Release|x64.ActiveCfg = Release|x64
		{8D9848AA-46A7-4775-A4E9-D3BAEB2FA71A}.Release|x64.Build.0 = Release|x64
		{8D9848AA-46A7-4775-A4E9-D3BAEB2FA71A}.Release|x86.ActiveCfg = Release|Win32
		{8D9848AA-46A7-4775-A4E9-D3BAEB2FA71A}.Release|x86.Build.0 = Release|Win32
		{6C556FCD-06B5-4289-BBAD-D8B0AF8393C1}.Debug|x64.ActiveCfg = Debug|x64
		{6C556FCD-06B5-4289-BBAD-D8B0AF8393C1}.Debug|x64.Build.0 = Debug|x64
		{6C556FCD-06B5-4289-BBAD-D8B0AF8393C1}.Debug|x86.ActiveCfg = Debug|Win32
		{6C556FCD-06B5-4289-BBAD-D8B0AF8393C1}.Debug|x86.Build.0 = Debug|Win32
		{6C556FCD-06B5-4289-BBAD-D8B0AF8393C1}.Release|x64.ActiveCfg = Release|x64
		{6C556FCD-06B5-4289-BBAD-D8B0AF8393C1}.Release|x64.Build.0 = Release|x64
		{6C556FCD-06B5-4289-BBAD-D8B0AF8393C1}.Release|x86.ActiveCfg = Release|Win32
		{6C556FCD-06B5-4289-BBAD-D8B0AF8393C1}.Release|x86.Build.0 = Release|Win32
	EndGlobalSection
	GlobalSection(SolutionProperties) = preSolution
		HideSolutionNode = FALSE
	EndGlobalSection
	GlobalSection(ExtensibilityGlobals) = postSolution
		SolutionGuid = {7CB7FFE2-82CD-4EF7-93D1-6D3D01EAE7CD}
	EndGlobalSection
EndGlobal
