<?xml version="1.0" encoding="utf-8"?>
<Project ToolsVersion="4.0" xmlns="http://schemas.microsoft.com/developer/msbuild/2003">
  <ItemGroup>
    <ClInclude Include="GAME.h" />
    <ClInclude Include="ACTOR.h" />
    <ClInclude Include="STAGE.h" />
    <ClInclude Include="PLAYER.h" />
    <ClInclude Include="INT2.h" />
    <ClInclude Include="GHOST.h" />
  </ItemGroup>
  <ItemGroup>
    <ClCompile Include="GAME.cpp" />
    <ClCompile Include="STAGE.cpp" />
    <ClCompile Include="INT2.cpp" />
    <ClCompile Include="PLAYER.cpp" />
    <ClCompile Include="GHOST.cpp" />
  </ItemGroup>
</Project>